
Microsoft Visual Studio Solution File, Format Version 12.00
# Visual Studio Version 16
VisualStudioVersion = 16.0.30804.86
MinimumVisualStudioVersion = 10.0.40219.1
Project("{9A19103F-16F7-4668-BE54-9A1E7A4F7556}") = "linklives-indexer-lib", "linklives-indexer-Lib\linklives-indexer-lib.csproj", "{59332274-5E2A-402D-8B98-305F25EE38C5}"
EndProject
Project("{9A19103F-16F7-4668-BE54-9A1E7A4F7556}") = "linklives-indexer-lifecourse", "linklives-lifecourse-indexer\linklives-indexer-lifecourse.csproj", "{6858A0A9-FAE2-44F9-89FE-E1145061A4E7}"
EndProject
Project("{9A19103F-16F7-4668-BE54-9A1E7A4F7556}") = "linklives-indexer-transcribed", "linklives-transcribed-indexer\linklives-indexer-transcribed.csproj", "{DE7A61D2-7561-482A-BD34-E238BC133E4D}"
EndProject
Global
	GlobalSection(SolutionConfigurationPlatforms) = preSolution
		Debug|Any CPU = Debug|Any CPU
		Release|Any CPU = Release|Any CPU
	EndGlobalSection
	GlobalSection(ProjectConfigurationPlatforms) = postSolution
		{59332274-5E2A-402D-8B98-305F25EE38C5}.Debug|Any CPU.ActiveCfg = Debug|Any CPU
		{59332274-5E2A-402D-8B98-305F25EE38C5}.Debug|Any CPU.Build.0 = Debug|Any CPU
		{59332274-5E2A-402D-8B98-305F25EE38C5}.Release|Any CPU.ActiveCfg = Release|Any CPU
		{59332274-5E2A-402D-8B98-305F25EE38C5}.Release|Any CPU.Build.0 = Release|Any CPU
		{6858A0A9-FAE2-44F9-89FE-E1145061A4E7}.Debug|Any CPU.ActiveCfg = Debug|Any CPU
		{6858A0A9-FAE2-44F9-89FE-E1145061A4E7}.Debug|Any CPU.Build.0 = Debug|Any CPU
		{6858A0A9-FAE2-44F9-89FE-E1145061A4E7}.Release|Any CPU.ActiveCfg = Release|Any CPU
		{6858A0A9-FAE2-44F9-89FE-E1145061A4E7}.Release|Any CPU.Build.0 = Release|Any CPU
		{DE7A61D2-7561-482A-BD34-E238BC133E4D}.Debug|Any CPU.ActiveCfg = Debug|Any CPU
		{DE7A61D2-7561-482A-BD34-E238BC133E4D}.Debug|Any CPU.Build.0 = Debug|Any CPU
		{DE7A61D2-7561-482A-BD34-E238BC133E4D}.Release|Any CPU.ActiveCfg = Release|Any CPU
		{DE7A61D2-7561-482A-BD34-E238BC133E4D}.Release|Any CPU.Build.0 = Release|Any CPU
	EndGlobalSection
	GlobalSection(SolutionProperties) = preSolution
		HideSolutionNode = FALSE
	EndGlobalSection
	GlobalSection(ExtensibilityGlobals) = postSolution
		SolutionGuid = {F28D36B4-127E-4B47-B5A6-F5BC45143E35}
	EndGlobalSection
EndGlobal
