
Microsoft Visual Studio Solution File, Format Version 12.00
# Visual Studio Version 16
VisualStudioVersion = 16.0.30804.86
MinimumVisualStudioVersion = 10.0.40219.1
Project("{9A19103F-16F7-4668-BE54-9A1E7A4F7556}") = "linklives-indexer-lib", "linklives-indexer-Lib\linklives-indexer-lib.csproj", "{59332274-5E2A-402D-8B98-305F25EE38C5}"
EndProject
Project("{9A19103F-16F7-4668-BE54-9A1E7A4F7556}") = "linklives-lifecourse-indexer", "linklives-lifecourse-indexer\linklives-lifecourse-indexer.csproj", "{6D3277CA-72DC-43AD-A9D8-EC4EE73F95D6}"
EndProject
Project("{9A19103F-16F7-4668-BE54-9A1E7A4F7556}") = "linklives-transcribed-indexer", "linklives-transcribed-indexer\linklives-transcribed-indexer.csproj", "{900D08C5-F1C7-448C-9FC6-38602D1D2954}"
EndProject
Project("{FAE04EC0-301F-11D3-BF4B-00C04F79EFBC}") = "linklives-indexer-test", "linklibes-indexer-test\linklives-indexer-test.csproj", "{2F7847AE-F4BD-40C2-8FF0-6C9BFF31CA3D}"
EndProject
Global
	GlobalSection(SolutionConfigurationPlatforms) = preSolution
		Debug|Any CPU = Debug|Any CPU
		Release|Any CPU = Release|Any CPU
	EndGlobalSection
	GlobalSection(ProjectConfigurationPlatforms) = postSolution
		{59332274-5E2A-402D-8B98-305F25EE38C5}.Debug|Any CPU.ActiveCfg = Debug|Any CPU
		{59332274-5E2A-402D-8B98-305F25EE38C5}.Debug|Any CPU.Build.0 = Debug|Any CPU
		{59332274-5E2A-402D-8B98-305F25EE38C5}.Release|Any CPU.ActiveCfg = Release|Any CPU
		{59332274-5E2A-402D-8B98-305F25EE38C5}.Release|Any CPU.Build.0 = Release|Any CPU
		{6D3277CA-72DC-43AD-A9D8-EC4EE73F95D6}.Debug|Any CPU.ActiveCfg = Debug|Any CPU
		{6D3277CA-72DC-43AD-A9D8-EC4EE73F95D6}.Debug|Any CPU.Build.0 = Debug|Any CPU
		{6D3277CA-72DC-43AD-A9D8-EC4EE73F95D6}.Release|Any CPU.ActiveCfg = Release|Any CPU
		{6D3277CA-72DC-43AD-A9D8-EC4EE73F95D6}.Release|Any CPU.Build.0 = Release|Any CPU
		{900D08C5-F1C7-448C-9FC6-38602D1D2954}.Debug|Any CPU.ActiveCfg = Debug|Any CPU
		{900D08C5-F1C7-448C-9FC6-38602D1D2954}.Debug|Any CPU.Build.0 = Debug|Any CPU
		{900D08C5-F1C7-448C-9FC6-38602D1D2954}.Release|Any CPU.ActiveCfg = Release|Any CPU
		{900D08C5-F1C7-448C-9FC6-38602D1D2954}.Release|Any CPU.Build.0 = Release|Any CPU
		{2F7847AE-F4BD-40C2-8FF0-6C9BFF31CA3D}.Debug|Any CPU.ActiveCfg = Debug|Any CPU
		{2F7847AE-F4BD-40C2-8FF0-6C9BFF31CA3D}.Debug|Any CPU.Build.0 = Debug|Any CPU
		{2F7847AE-F4BD-40C2-8FF0-6C9BFF31CA3D}.Release|Any CPU.ActiveCfg = Release|Any CPU
		{2F7847AE-F4BD-40C2-8FF0-6C9BFF31CA3D}.Release|Any CPU.Build.0 = Release|Any CPU
	EndGlobalSection
	GlobalSection(SolutionProperties) = preSolution
		HideSolutionNode = FALSE
	EndGlobalSection
	GlobalSection(ExtensibilityGlobals) = postSolution
		SolutionGuid = {F28D36B4-127E-4B47-B5A6-F5BC45143E35}
	EndGlobalSection
EndGlobal
